
Microsoft Visual Studio Solution File, Format Version 12.00
# Visual Studio Version 17
VisualStudioVersion = 17.6.33815.320
MinimumVisualStudioVersion = 10.0.40219.1
Project("{FAE04EC0-301F-11D3-BF4B-00C04F79EFBC}") = "ExerciciosCCompleto", "ExerciciosCCompleto\ExerciciosCCompleto.csproj", "{12502ACE-1D34-4AB0-8DFC-2D4FBAFB61BF}"
EndProject
Global
	GlobalSection(SolutionConfigurationPlatforms) = preSolution
		Debug|Any CPU = Debug|Any CPU
		Release|Any CPU = Release|Any CPU
	EndGlobalSection
	GlobalSection(ProjectConfigurationPlatforms) = postSolution
		{12502ACE-1D34-4AB0-8DFC-2D4FBAFB61BF}.Debug|Any CPU.ActiveCfg = Debug|Any CPU
		{12502ACE-1D34-4AB0-8DFC-2D4FBAFB61BF}.Debug|Any CPU.Build.0 = Debug|Any CPU
		{12502ACE-1D34-4AB0-8DFC-2D4FBAFB61BF}.Release|Any CPU.ActiveCfg = Release|Any CPU
		{12502ACE-1D34-4AB0-8DFC-2D4FBAFB61BF}.Release|Any CPU.Build.0 = Release|Any CPU
	EndGlobalSection
	GlobalSection(SolutionProperties) = preSolution
		HideSolutionNode = FALSE
	EndGlobalSection
	GlobalSection(ExtensibilityGlobals) = postSolution
		SolutionGuid = {BF0335EC-D608-45BF-90B7-2B786E905DC6}
	EndGlobalSection
EndGlobal
